
Microsoft Visual Studio Solution File, Format Version 12.00
# Visual Studio Version 17
VisualStudioVersion = 17.0.31903.59
MinimumVisualStudioVersion = 10.0.40219.1
Project("{FAE04EC0-301F-11D3-BF4B-00C04F79EFBC}") = "Ledgerly.Api", "Ledgerly.Api\Ledgerly.Api.csproj", "{619F4092-A59F-4E50-81C4-12E313653FEF}"
EndProject
Project("{FAE04EC0-301F-11D3-BF4B-00C04F79EFBC}") = "Ledgerly.Core", "Ledgerly.Core\Ledgerly.Core.csproj", "{EE8253C3-1F8B-433D-B2BB-EDF77526C69A}"
EndProject
Project("{FAE04EC0-301F-11D3-BF4B-00C04F79EFBC}") = "Ledgerly.Infrastructure", "Ledgerly.Infrastructure\Ledgerly.Infrastructure.csproj", "{A693381D-B42F-4BA7-9FAF-D9B9FBEE2D87}"
EndProject
Global
	GlobalSection(SolutionConfigurationPlatforms) = preSolution
		Debug|Any CPU = Debug|Any CPU
		Release|Any CPU = Release|Any CPU
	EndGlobalSection
	GlobalSection(SolutionProperties) = preSolution
		HideSolutionNode = FALSE
	EndGlobalSection
	GlobalSection(ProjectConfigurationPlatforms) = postSolution
		{619F4092-A59F-4E50-81C4-12E313653FEF}.Debug|Any CPU.ActiveCfg = Debug|Any CPU
		{619F4092-A59F-4E50-81C4-12E313653FEF}.Debug|Any CPU.Build.0 = Debug|Any CPU
		{619F4092-A59F-4E50-81C4-12E313653FEF}.Release|Any CPU.ActiveCfg = Release|Any CPU
		{619F4092-A59F-4E50-81C4-12E313653FEF}.Release|Any CPU.Build.0 = Release|Any CPU
		{EE8253C3-1F8B-433D-B2BB-EDF77526C69A}.Debug|Any CPU.ActiveCfg = Debug|Any CPU
		{EE8253C3-1F8B-433D-B2BB-EDF77526C69A}.Debug|Any CPU.Build.0 = Debug|Any CPU
		{EE8253C3-1F8B-433D-B2BB-EDF77526C69A}.Release|Any CPU.ActiveCfg = Release|Any CPU
		{EE8253C3-1F8B-433D-B2BB-EDF77526C69A}.Release|Any CPU.Build.0 = Release|Any CPU
		{A693381D-B42F-4BA7-9FAF-D9B9FBEE2D87}.Debug|Any CPU.ActiveCfg = Debug|Any CPU
		{A693381D-B42F-4BA7-9FAF-D9B9FBEE2D87}.Debug|Any CPU.Build.0 = Debug|Any CPU
		{A693381D-B42F-4BA7-9FAF-D9B9FBEE2D87}.Release|Any CPU.ActiveCfg = Release|Any CPU
		{A693381D-B42F-4BA7-9FAF-D9B9FBEE2D87}.Release|Any CPU.Build.0 = Release|Any CPU
	EndGlobalSection
EndGlobal
